
Microsoft Visual Studio Solution File, Format Version 12.00
# Visual Studio Version 16
VisualStudioVersion = 16.0.32407.337
MinimumVisualStudioVersion = 10.0.40219.1
Project("{FAE04EC0-301F-11D3-BF4B-00C04F79EFBC}") = "AuthServer", "AuthServer\AuthServer.csproj", "{36F39660-8C7F-4379-9C77-F2AD79806AC8}"
EndProject
Project("{FAE04EC0-301F-11D3-BF4B-00C04F79EFBC}") = "BasketAPI", "BasketAPI\BasketAPI.csproj", "{018AC991-C48F-4ED8-A68A-28ABA9F3EEC3}"
EndProject
Project("{FAE04EC0-301F-11D3-BF4B-00C04F79EFBC}") = "OrderAPI", "OrderAPI\OrderAPI.csproj", "{C635615E-4119-4530-9E47-79991CAA7E5E}"
EndProject
Global
	GlobalSection(SolutionConfigurationPlatforms) = preSolution
		Debug|Any CPU = Debug|Any CPU
		Release|Any CPU = Release|Any CPU
	EndGlobalSection
	GlobalSection(ProjectConfigurationPlatforms) = postSolution
		{36F39660-8C7F-4379-9C77-F2AD79806AC8}.Debug|Any CPU.ActiveCfg = Debug|Any CPU
		{36F39660-8C7F-4379-9C77-F2AD79806AC8}.Debug|Any CPU.Build.0 = Debug|Any CPU
		{36F39660-8C7F-4379-9C77-F2AD79806AC8}.Release|Any CPU.ActiveCfg = Release|Any CPU
		{36F39660-8C7F-4379-9C77-F2AD79806AC8}.Release|Any CPU.Build.0 = Release|Any CPU
		{018AC991-C48F-4ED8-A68A-28ABA9F3EEC3}.Debug|Any CPU.ActiveCfg = Debug|Any CPU
		{018AC991-C48F-4ED8-A68A-28ABA9F3EEC3}.Debug|Any CPU.Build.0 = Debug|Any CPU
		{018AC991-C48F-4ED8-A68A-28ABA9F3EEC3}.Release|Any CPU.ActiveCfg = Release|Any CPU
		{018AC991-C48F-4ED8-A68A-28ABA9F3EEC3}.Release|Any CPU.Build.0 = Release|Any CPU
		{C635615E-4119-4530-9E47-79991CAA7E5E}.Debug|Any CPU.ActiveCfg = Debug|Any CPU
		{C635615E-4119-4530-9E47-79991CAA7E5E}.Debug|Any CPU.Build.0 = Debug|Any CPU
		{C635615E-4119-4530-9E47-79991CAA7E5E}.Release|Any CPU.ActiveCfg = Release|Any CPU
		{C635615E-4119-4530-9E47-79991CAA7E5E}.Release|Any CPU.Build.0 = Release|Any CPU
	EndGlobalSection
	GlobalSection(SolutionProperties) = preSolution
		HideSolutionNode = FALSE
	EndGlobalSection
	GlobalSection(ExtensibilityGlobals) = postSolution
		SolutionGuid = {A9E1D2C7-6A8E-4CEA-8665-CA1C627811EA}
	EndGlobalSection
EndGlobal
